
Microsoft Visual Studio Solution File, Format Version 12.00
# Visual Studio Version 16
VisualStudioVersion = 16.0.30907.101
MinimumVisualStudioVersion = 10.0.40219.1
Project("{FAE04EC0-301F-11D3-BF4B-00C04F79EFBC}") = "FeriasAPI", "FeriasAPI\FeriasAPI.csproj", "{760AB224-7B36-42B5-A62D-91B00B229BDC}"
EndProject
Global
	GlobalSection(SolutionConfigurationPlatforms) = preSolution
		Debug|Any CPU = Debug|Any CPU
		Release|Any CPU = Release|Any CPU
	EndGlobalSection
	GlobalSection(ProjectConfigurationPlatforms) = postSolution
		{760AB224-7B36-42B5-A62D-91B00B229BDC}.Debug|Any CPU.ActiveCfg = Debug|Any CPU
		{760AB224-7B36-42B5-A62D-91B00B229BDC}.Debug|Any CPU.Build.0 = Debug|Any CPU
		{760AB224-7B36-42B5-A62D-91B00B229BDC}.Release|Any CPU.ActiveCfg = Release|Any CPU
		{760AB224-7B36-42B5-A62D-91B00B229BDC}.Release|Any CPU.Build.0 = Release|Any CPU
	EndGlobalSection
	GlobalSection(SolutionProperties) = preSolution
		HideSolutionNode = FALSE
	EndGlobalSection
	GlobalSection(ExtensibilityGlobals) = postSolution
		SolutionGuid = {A77E4CC4-F873-44A2-95A8-4565E48CEB1C}
	EndGlobalSection
EndGlobal
